// !$*UTF8*$!
{
	archiveVersion = 1;
	classes = {
	};
	objectVersion = 46;
	objects = {

/* Begin PBXBuildFile section */
		4CE820341E7C88FD009C5EB5 /* AppDelegate.swift in Sources */ = {isa = PBXBuildFile; fileRef = 4CE820331E7C88FD009C5EB5 /* AppDelegate.swift */; };
		4CE820361E7C88FD009C5EB5 /* ViewController.swift in Sources */ = {isa = PBXBuildFile; fileRef = 4CE820351E7C88FD009C5EB5 /* ViewController.swift */; };
		4CE820391E7C88FD009C5EB5 /* Main.storyboard in Resources */ = {isa = PBXBuildFile; fileRef = 4CE820371E7C88FD009C5EB5 /* Main.storyboard */; };
		4CE8203C1E7C88FD009C5EB5 /* Retro_Calculator.xcdatamodeld in Sources */ = {isa = PBXBuildFile; fileRef = 4CE8203A1E7C88FD009C5EB5 /* Retro_Calculator.xcdatamodeld */; };
		4CE8203E1E7C88FD009C5EB5 /* Assets.xcassets in Resources */ = {isa = PBXBuildFile; fileRef = 4CE8203D1E7C88FD009C5EB5 /* Assets.xcassets */; };
		4CE820411E7C88FD009C5EB5 /* LaunchScreen.storyboard in Resources */ = {isa = PBXBuildFile; fileRef = 4CE8203F1E7C88FD009C5EB5 /* LaunchScreen.storyboard */; };
		4CE8204C1E7C88FD009C5EB5 /* Retro_CalculatorTests.swift in Sources */ = {isa = PBXBuildFile; fileRef = 4CE8204B1E7C88FD009C5EB5 /* Retro_CalculatorTests.swift */; };
		4CE820571E7C88FD009C5EB5 /* Retro_CalculatorUITests.swift in Sources */ = {isa = PBXBuildFile; fileRef = 4CE820561E7C88FD009C5EB5 /* Retro_CalculatorUITests.swift */; };
		4CE820651E8011D0009C5EB5 /* Minecraft.ttf in Resources */ = {isa = PBXBuildFile; fileRef = 4CE820641E8011D0009C5EB5 /* Minecraft.ttf */; };
		4CE820661E8011D0009C5EB5 /* Minecraft.ttf in Resources */ = {isa = PBXBuildFile; fileRef = 4CE820641E8011D0009C5EB5 /* Minecraft.ttf */; };
		4CE820671E8011D0009C5EB5 /* Minecraft.ttf in Resources */ = {isa = PBXBuildFile; fileRef = 4CE820641E8011D0009C5EB5 /* Minecraft.ttf */; };
		4CE820691E8016DE009C5EB5 /* btn.wav in Resources */ = {isa = PBXBuildFile; fileRef = 4CE820681E8016DE009C5EB5 /* btn.wav */; };
		4CE8206A1E8016DE009C5EB5 /* btn.wav in Resources */ = {isa = PBXBuildFile; fileRef = 4CE820681E8016DE009C5EB5 /* btn.wav */; };
		4CE8206B1E8016DE009C5EB5 /* btn.wav in Resources */ = {isa = PBXBuildFile; fileRef = 4CE820681E8016DE009C5EB5 /* btn.wav */; };
/* End PBXBuildFile section */

/* Begin PBXContainerItemProxy section */
		4CE820481E7C88FD009C5EB5 /* PBXContainerItemProxy */ = {
			isa = PBXContainerItemProxy;
			containerPortal = 4CE820281E7C88FD009C5EB5 /* Project object */;
			proxyType = 1;
			remoteGlobalIDString = 4CE8202F1E7C88FD009C5EB5;
			remoteInfo = "Retro-Calculator";
		};
		4CE820531E7C88FD009C5EB5 /* PBXContainerItemProxy */ = {
			isa = PBXContainerItemProxy;
			containerPortal = 4CE820281E7C88FD009C5EB5 /* Project object */;
			proxyType = 1;
			remoteGlobalIDString = 4CE8202F1E7C88FD009C5EB5;
			remoteInfo = "Retro-Calculator";
		};
/* End PBXContainerItemProxy section */

/* Begin PBXFileReference section */
		4CE820301E7C88FD009C5EB5 /* Retro-Calculator.app */ = {isa = PBXFileReference; explicitFileType = wrapper.application; includeInIndex = 0; path = "Retro-Calculator.app"; sourceTree = BUILT_PRODUCTS_DIR; };
		4CE820331E7C88FD009C5EB5 /* AppDelegate.swift */ = {isa = PBXFileReference; lastKnownFileType = sourcecode.swift; path = AppDelegate.swift; sourceTree = "<group>"; };
		4CE820351E7C88FD009C5EB5 /* ViewController.swift */ = {isa = PBXFileReference; lastKnownFileType = sourcecode.swift; path = ViewController.swift; sourceTree = "<group>"; };
		4CE820381E7C88FD009C5EB5 /* Base */ = {isa = PBXFileReference; lastKnownFileType = file.storyboard; name = Base; path = Base.lproj/Main.storyboard; sourceTree = "<group>"; };
		4CE8203B1E7C88FD009C5EB5 /* Retro_Calculator.xcdatamodel */ = {isa = PBXFileReference; lastKnownFileType = wrapper.xcdatamodel; path = Retro_Calculator.xcdatamodel; sourceTree = "<group>"; };
		4CE8203D1E7C88FD009C5EB5 /* Assets.xcassets */ = {isa = PBXFileReference; lastKnownFileType = folder.assetcatalog; path = Assets.xcassets; sourceTree = "<group>"; };
		4CE820401E7C88FD009C5EB5 /* Base */ = {isa = PBXFileReference; lastKnownFileType = file.storyboard; name = Base; path = Base.lproj/LaunchScreen.storyboard; sourceTree = "<group>"; };
		4CE820421E7C88FD009C5EB5 /* Info.plist */ = {isa = PBXFileReference; lastKnownFileType = text.plist.xml; path = Info.plist; sourceTree = "<group>"; };
		4CE820471E7C88FD009C5EB5 /* Retro-CalculatorTests.xctest */ = {isa = PBXFileReference; explicitFileType = wrapper.cfbundle; includeInIndex = 0; path = "Retro-CalculatorTests.xctest"; sourceTree = BUILT_PRODUCTS_DIR; };
		4CE8204B1E7C88FD009C5EB5 /* Retro_CalculatorTests.swift */ = {isa = PBXFileReference; lastKnownFileType = sourcecode.swift; path = Retro_CalculatorTests.swift; sourceTree = "<group>"; };
		4CE8204D1E7C88FD009C5EB5 /* Info.plist */ = {isa = PBXFileReference; lastKnownFileType = text.plist.xml; path = Info.plist; sourceTree = "<group>"; };
		4CE820521E7C88FD009C5EB5 /* Retro-CalculatorUITests.xctest */ = {isa = PBXFileReference; explicitFileType = wrapper.cfbundle; includeInIndex = 0; path = "Retro-CalculatorUITests.xctest"; sourceTree = BUILT_PRODUCTS_DIR; };
		4CE820561E7C88FD009C5EB5 /* Retro_CalculatorUITests.swift */ = {isa = PBXFileReference; lastKnownFileType = sourcecode.swift; path = Retro_CalculatorUITests.swift; sourceTree = "<group>"; };
		4CE820581E7C88FD009C5EB5 /* Info.plist */ = {isa = PBXFileReference; lastKnownFileType = text.plist.xml; path = Info.plist; sourceTree = "<group>"; };
		4CE820641E8011D0009C5EB5 /* Minecraft.ttf */ = {isa = PBXFileReference; lastKnownFileType = file; path = Minecraft.ttf; sourceTree = "<group>"; };
		4CE820681E8016DE009C5EB5 /* btn.wav */ = {isa = PBXFileReference; lastKnownFileType = audio.wav; path = btn.wav; sourceTree = "<group>"; };
/* End PBXFileReference section */

/* Begin PBXFrameworksBuildPhase section */
		4CE8202D1E7C88FD009C5EB5 /* Frameworks */ = {
			isa = PBXFrameworksBuildPhase;
			buildActionMask = 2147483647;
			files = (
			);
			runOnlyForDeploymentPostprocessing = 0;
		};
		4CE820441E7C88FD009C5EB5 /* Frameworks */ = {
			isa = PBXFrameworksBuildPhase;
			buildActionMask = 2147483647;
			files = (
			);
			runOnlyForDeploymentPostprocessing = 0;
		};
		4CE8204F1E7C88FD009C5EB5 /* Frameworks */ = {
			isa = PBXFrameworksBuildPhase;
			buildActionMask = 2147483647;
			files = (
			);
			runOnlyForDeploymentPostprocessing = 0;
		};
/* End PBXFrameworksBuildPhase section */

/* Begin PBXGroup section */
		4CE820271E7C88FD009C5EB5 = {
			isa = PBXGroup;
			children = (
				4CE820321E7C88FD009C5EB5 /* Retro-Calculator */,
				4CE8204A1E7C88FD009C5EB5 /* Retro-CalculatorTests */,
				4CE820551E7C88FD009C5EB5 /* Retro-CalculatorUITests */,
				4CE820311E7C88FD009C5EB5 /* Products */,
			);
			sourceTree = "<group>";
		};
		4CE820311E7C88FD009C5EB5 /* Products */ = {
			isa = PBXGroup;
			children = (
				4CE820301E7C88FD009C5EB5 /* Retro-Calculator.app */,
				4CE820471E7C88FD009C5EB5 /* Retro-CalculatorTests.xctest */,
				4CE820521E7C88FD009C5EB5 /* Retro-CalculatorUITests.xctest */,
			);
			name = Products;
			sourceTree = "<group>";
		};
		4CE820321E7C88FD009C5EB5 /* Retro-Calculator */ = {
			isa = PBXGroup;
			children = (
				4CE820681E8016DE009C5EB5 /* btn.wav */,
				4CE820641E8011D0009C5EB5 /* Minecraft.ttf */,
				4CE820331E7C88FD009C5EB5 /* AppDelegate.swift */,
				4CE820351E7C88FD009C5EB5 /* ViewController.swift */,
				4CE820371E7C88FD009C5EB5 /* Main.storyboard */,
				4CE8203D1E7C88FD009C5EB5 /* Assets.xcassets */,
				4CE8203F1E7C88FD009C5EB5 /* LaunchScreen.storyboard */,
				4CE820421E7C88FD009C5EB5 /* Info.plist */,
				4CE8203A1E7C88FD009C5EB5 /* Retro_Calculator.xcdatamodeld */,
			);
			path = "Retro-Calculator";
			sourceTree = "<group>";
		};
		4CE8204A1E7C88FD009C5EB5 /* Retro-CalculatorTests */ = {
			isa = PBXGroup;
			children = (
				4CE8204B1E7C88FD009C5EB5 /* Retro_CalculatorTests.swift */,
				4CE8204D1E7C88FD009C5EB5 /* Info.plist */,
			);
			path = "Retro-CalculatorTests";
			sourceTree = "<group>";
		};
		4CE820551E7C88FD009C5EB5 /* Retro-CalculatorUITests */ = {
			isa = PBXGroup;
			children = (
				4CE820561E7C88FD009C5EB5 /* Retro_CalculatorUITests.swift */,
				4CE820581E7C88FD009C5EB5 /* Info.plist */,
			);
			path = "Retro-CalculatorUITests";
			sourceTree = "<group>";
		};
/* End PBXGroup section */

/* Begin PBXNativeTarget section */
		4CE8202F1E7C88FD009C5EB5 /* Retro-Calculator */ = {
			isa = PBXNativeTarget;
			buildConfigurationList = 4CE8205B1E7C88FD009C5EB5 /* Build configuration list for PBXNativeTarget "Retro-Calculator" */;
			buildPhases = (
				4CE8202C1E7C88FD009C5EB5 /* Sources */,
				4CE8202D1E7C88FD009C5EB5 /* Frameworks */,
				4CE8202E1E7C88FD009C5EB5 /* Resources */,
			);
			buildRules = (
			);
			dependencies = (
			);
			name = "Retro-Calculator";
			productName = "Retro-Calculator";
			productReference = 4CE820301E7C88FD009C5EB5 /* Retro-Calculator.app */;
			productType = "com.apple.product-type.application";
		};
		4CE820461E7C88FD009C5EB5 /* Retro-CalculatorTests */ = {
			isa = PBXNativeTarget;
			buildConfigurationList = 4CE8205E1E7C88FD009C5EB5 /* Build configuration list for PBXNativeTarget "Retro-CalculatorTests" */;
			buildPhases = (
				4CE820431E7C88FD009C5EB5 /* Sources */,
				4CE820441E7C88FD009C5EB5 /* Frameworks */,
				4CE820451E7C88FD009C5EB5 /* Resources */,
			);
			buildRules = (
			);
			dependencies = (
				4CE820491E7C88FD009C5EB5 /* PBXTargetDependency */,
			);
			name = "Retro-CalculatorTests";
			productName = "Retro-CalculatorTests";
			productReference = 4CE820471E7C88FD009C5EB5 /* Retro-CalculatorTests.xctest */;
			productType = "com.apple.product-type.bundle.unit-test";
		};
		4CE820511E7C88FD009C5EB5 /* Retro-CalculatorUITests */ = {
			isa = PBXNativeTarget;
			buildConfigurationList = 4CE820611E7C88FD009C5EB5 /* Build configuration list for PBXNativeTarget "Retro-CalculatorUITests" */;
			buildPhases = (
				4CE8204E1E7C88FD009C5EB5 /* Sources */,
				4CE8204F1E7C88FD009C5EB5 /* Frameworks */,
				4CE820501E7C88FD009C5EB5 /* Resources */,
			);
			buildRules = (
			);
			dependencies = (
				4CE820541E7C88FD009C5EB5 /* PBXTargetDependency */,
			);
			name = "Retro-CalculatorUITests";
			productName = "Retro-CalculatorUITests";
			productReference = 4CE820521E7C88FD009C5EB5 /* Retro-CalculatorUITests.xctest */;
			productType = "com.apple.product-type.bundle.ui-testing";
		};
/* End PBXNativeTarget section */

/* Begin PBXProject section */
		4CE820281E7C88FD009C5EB5 /* Project object */ = {
			isa = PBXProject;
			attributes = {
				LastSwiftUpdateCheck = 0820;
				LastUpgradeCheck = 0820;
				ORGANIZATIONNAME = "Michael Brewer";
				TargetAttributes = {
					4CE8202F1E7C88FD009C5EB5 = {
						CreatedOnToolsVersion = 8.2.1;
						DevelopmentTeam = 48U8V5SQK4;
						ProvisioningStyle = Automatic;
					};
					4CE820461E7C88FD009C5EB5 = {
						CreatedOnToolsVersion = 8.2.1;
						DevelopmentTeam = 48U8V5SQK4;
						ProvisioningStyle = Automatic;
						TestTargetID = 4CE8202F1E7C88FD009C5EB5;
					};
					4CE820511E7C88FD009C5EB5 = {
						CreatedOnToolsVersion = 8.2.1;
						DevelopmentTeam = 48U8V5SQK4;
						ProvisioningStyle = Automatic;
						TestTargetID = 4CE8202F1E7C88FD009C5EB5;
					};
				};
			};
			buildConfigurationList = 4CE8202B1E7C88FD009C5EB5 /* Build configuration list for PBXProject "Retro-Calculator" */;
			compatibilityVersion = "Xcode 3.2";
			developmentRegion = English;
			hasScannedForEncodings = 0;
			knownRegions = (
				en,
				Base,
			);
			mainGroup = 4CE820271E7C88FD009C5EB5;
			productRefGroup = 4CE820311E7C88FD009C5EB5 /* Products */;
			projectDirPath = "";
			projectRoot = "";
			targets = (
				4CE8202F1E7C88FD009C5EB5 /* Retro-Calculator */,
				4CE820461E7C88FD009C5EB5 /* Retro-CalculatorTests */,
				4CE820511E7C88FD009C5EB5 /* Retro-CalculatorUITests */,
			);
		};
/* End PBXProject section */

/* Begin PBXResourcesBuildPhase section */
		4CE8202E1E7C88FD009C5EB5 /* Resources */ = {
			isa = PBXResourcesBuildPhase;
			buildActionMask = 2147483647;
			files = (
				4CE820691E8016DE009C5EB5 /* btn.wav in Resources */,
				4CE820411E7C88FD009C5EB5 /* LaunchScreen.storyboard in Resources */,
				4CE8203E1E7C88FD009C5EB5 /* Assets.xcassets in Resources */,
				4CE820651E8011D0009C5EB5 /* Minecraft.ttf in Resources */,
				4CE820391E7C88FD009C5EB5 /* Main.storyboard in Resources */,
			);
			runOnlyForDeploymentPostprocessing = 0;
		};
		4CE820451E7C88FD009C5EB5 /* Resources */ = {
			isa = PBXResourcesBuildPhase;
			buildActionMask = 2147483647;
			files = (
				4CE820661E8011D0009C5EB5 /* Minecraft.ttf in Resources */,
				4CE8206A1E8016DE009C5EB5 /* btn.wav in Resources */,
			);
			runOnlyForDeploymentPostprocessing = 0;
		};
		4CE820501E7C88FD009C5EB5 /* Resources */ = {
			isa = PBXResourcesBuildPhase;
			buildActionMask = 2147483647;
			files = (
				4CE820671E8011D0009C5EB5 /* Minecraft.ttf in Resources */,
				4CE8206B1E8016DE009C5EB5 /* btn.wav in Resources */,
			);
			runOnlyForDeploymentPostprocessing = 0;
		};
/* End PBXResourcesBuildPhase section */

/* Begin PBXSourcesBuildPhase section */
		4CE8202C1E7C88FD009C5EB5 /* Sources */ = {
			isa = PBXSourcesBuildPhase;
			buildActionMask = 2147483647;
			files = (
				4CE820361E7C88FD009C5EB5 /* ViewController.swift in Sources */,
				4CE8203C1E7C88FD009C5EB5 /* Retro_Calculator.xcdatamodeld in Sources */,
				4CE820341E7C88FD009C5EB5 /* AppDelegate.swift in Sources */,
			);
			runOnlyForDeploymentPostprocessing = 0;
		};
		4CE820431E7C88FD009C5EB5 /* Sources */ = {
			isa = PBXSourcesBuildPhase;
			buildActionMask = 2147483647;
			files = (
				4CE8204C1E7C88FD009C5EB5 /* Retro_CalculatorTests.swift in Sources */,
			);
			runOnlyForDeploymentPostprocessing = 0;
		};
		4CE8204E1E7C88FD009C5EB5 /* Sources */ = {
			isa = PBXSourcesBuildPhase;
			buildActionMask = 2147483647;
			files = (
				4CE820571E7C88FD009C5EB5 /* Retro_CalculatorUITests.swift in Sources */,
			);
			runOnlyForDeploymentPostprocessing = 0;
		};
/* End PBXSourcesBuildPhase section */

/* Begin PBXTargetDependency section */
		4CE820491E7C88FD009C5EB5 /* PBXTargetDependency */ = {
			isa = PBXTargetDependency;
			target = 4CE8202F1E7C88FD009C5EB5 /* Retro-Calculator */;
			targetProxy = 4CE820481E7C88FD009C5EB5 /* PBXContainerItemProxy */;
		};
		4CE820541E7C88FD009C5EB5 /* PBXTargetDependency */ = {
			isa = PBXTargetDependency;
			target = 4CE8202F1E7C88FD009C5EB5 /* Retro-Calculator */;
			targetProxy = 4CE820531E7C88FD009C5EB5 /* PBXContainerItemProxy */;
		};
/* End PBXTargetDependency section */

/* Begin PBXVariantGroup section */
		4CE820371E7C88FD009C5EB5 /* Main.storyboard */ = {
			isa = PBXVariantGroup;
			children = (
				4CE820381E7C88FD009C5EB5 /* Base */,
			);
			name = Main.storyboard;
			sourceTree = "<group>";
		};
		4CE8203F1E7C88FD009C5EB5 /* LaunchScreen.storyboard */ = {
			isa = PBXVariantGroup;
			children = (
				4CE820401E7C88FD009C5EB5 /* Base */,
			);
			name = LaunchScreen.storyboard;
			sourceTree = "<group>";
		};
/* End PBXVariantGroup section */

/* Begin XCBuildConfiguration section */
		4CE820591E7C88FD009C5EB5 /* Debug */ = {
			isa = XCBuildConfiguration;
			buildSettings = {
				ALWAYS_SEARCH_USER_PATHS = NO;
				CLANG_ANALYZER_NONNULL = YES;
				CLANG_CXX_LANGUAGE_STANDARD = "gnu++0x";
				CLANG_CXX_LIBRARY = "libc++";
				CLANG_ENABLE_MODULES = YES;
				CLANG_ENABLE_OBJC_ARC = YES;
				CLANG_WARN_BOOL_CONVERSION = YES;
				CLANG_WARN_CONSTANT_CONVERSION = YES;
				CLANG_WARN_DIRECT_OBJC_ISA_USAGE = YES_ERROR;
				CLANG_WARN_DOCUMENTATION_COMMENTS = YES;
				CLANG_WARN_EMPTY_BODY = YES;
				CLANG_WARN_ENUM_CONVERSION = YES;
				CLANG_WARN_INFINITE_RECURSION = YES;
				CLANG_WARN_INT_CONVERSION = YES;
				CLANG_WARN_OBJC_ROOT_CLASS = YES_ERROR;
				CLANG_WARN_SUSPICIOUS_MOVE = YES;
				CLANG_WARN_UNREACHABLE_CODE = YES;
				CLANG_WARN__DUPLICATE_METHOD_MATCH = YES;
				"CODE_SIGN_IDENTITY[sdk=iphoneos*]" = "iPhone Developer";
				COPY_PHASE_STRIP = NO;
				DEBUG_INFORMATION_FORMAT = dwarf;
				ENABLE_STRICT_OBJC_MSGSEND = YES;
				ENABLE_TESTABILITY = YES;
				GCC_C_LANGUAGE_STANDARD = gnu99;
				GCC_DYNAMIC_NO_PIC = NO;
				GCC_NO_COMMON_BLOCKS = YES;
				GCC_OPTIMIZATION_LEVEL = 0;
				GCC_PREPROCESSOR_DEFINITIONS = (
					"DEBUG=1",
					"$(inherited)",
				);
				GCC_WARN_64_TO_32_BIT_CONVERSION = YES;
				GCC_WARN_ABOUT_RETURN_TYPE = YES_ERROR;
				GCC_WARN_UNDECLARED_SELECTOR = YES;
				GCC_WARN_UNINITIALIZED_AUTOS = YES_AGGRESSIVE;
				GCC_WARN_UNUSED_FUNCTION = YES;
				GCC_WARN_UNUSED_VARIABLE = YES;
				IPHONEOS_DEPLOYMENT_TARGET = 10.2;
				MTL_ENABLE_DEBUG_INFO = YES;
				ONLY_ACTIVE_ARCH = YES;
				SDKROOT = iphoneos;
				SWIFT_ACTIVE_COMPILATION_CONDITIONS = DEBUG;
				SWIFT_OPTIMIZATION_LEVEL = "-Onone";
				TARGETED_DEVICE_FAMILY = "1,2";
			};
			name = Debug;
		};
		4CE8205A1E7C88FD009C5EB5 /* Release */ = {
			isa = XCBuildConfiguration;
			buildSettings = {
				ALWAYS_SEARCH_USER_PATHS = NO;
				CLANG_ANALYZER_NONNULL = YES;
				CLANG_CXX_LANGUAGE_STANDARD = "gnu++0x";
				CLANG_CXX_LIBRARY = "libc++";
				CLANG_ENABLE_MODULES = YES;
				CLANG_ENABLE_OBJC_ARC = YES;
				CLANG_WARN_BOOL_CONVERSION = YES;
				CLANG_WARN_CONSTANT_CONVERSION = YES;
				CLANG_WARN_DIRECT_OBJC_ISA_USAGE = YES_ERROR;
				CLANG_WARN_DOCUMENTATION_COMMENTS = YES;
				CLANG_WARN_EMPTY_BODY = YES;
				CLANG_WARN_ENUM_CONVERSION = YES;
				CLANG_WARN_INFINITE_RECURSION = YES;
				CLANG_WARN_INT_CONVERSION = YES;
				CLANG_WARN_OBJC_ROOT_CLASS = YES_ERROR;
				CLANG_WARN_SUSPICIOUS_MOVE = YES;
				CLANG_WARN_UNREACHABLE_CODE = YES;
				CLANG_WARN__DUPLICATE_METHOD_MATCH = YES;
				"CODE_SIGN_IDENTITY[sdk=iphoneos*]" = "iPhone Developer";
				COPY_PHASE_STRIP = NO;
				DEBUG_INFORMATION_FORMAT = "dwarf-with-dsym";
				ENABLE_NS_ASSERTIONS = NO;
				ENABLE_STRICT_OBJC_MSGSEND = YES;
				GCC_C_LANGUAGE_STANDARD = gnu99;
				GCC_NO_COMMON_BLOCKS = YES;
				GCC_WARN_64_TO_32_BIT_CONVERSION = YES;
				GCC_WARN_ABOUT_RETURN_TYPE = YES_ERROR;
				GCC_WARN_UNDECLARED_SELECTOR = YES;
				GCC_WARN_UNINITIALIZED_AUTOS = YES_AGGRESSIVE;
				GCC_WARN_UNUSED_FUNCTION = YES;
				GCC_WARN_UNUSED_VARIABLE = YES;
				IPHONEOS_DEPLOYMENT_TARGET = 10.2;
				MTL_ENABLE_DEBUG_INFO = NO;
				SDKROOT = iphoneos;
				SWIFT_OPTIMIZATION_LEVEL = "-Owholemodule";
				TARGETED_DEVICE_FAMILY = "1,2";
				VALIDATE_PRODUCT = YES;
			};
			name = Release;
		};
		4CE8205C1E7C88FD009C5EB5 /* Debug */ = {
			isa = XCBuildConfiguration;
			buildSettings = {
				ASSETCATALOG_COMPILER_APPICON_NAME = AppIcon;
				DEVELOPMENT_TEAM = 48U8V5SQK4;
				INFOPLIST_FILE = "Retro-Calculator/Info.plist";
				LD_RUNPATH_SEARCH_PATHS = "$(inherited) @executable_path/Frameworks";
				PRODUCT_BUNDLE_IDENTIFIER = "TheBrewery.Retro-Calculator";
				PRODUCT_NAME = "$(TARGET_NAME)";
				SWIFT_VERSION = 3.0;
			};
			name = Debug;
		};
		4CE8205D1E7C88FD009C5EB5 /* Release */ = {
			isa = XCBuildConfiguration;
			buildSettings = {
				ASSETCATALOG_COMPILER_APPICON_NAME = AppIcon;
				DEVELOPMENT_TEAM = 48U8V5SQK4;
				INFOPLIST_FILE = "Retro-Calculator/Info.plist";
				LD_RUNPATH_SEARCH_PATHS = "$(inherited) @executable_path/Frameworks";
				PRODUCT_BUNDLE_IDENTIFIER = "TheBrewery.Retro-Calculator";
				PRODUCT_NAME = "$(TARGET_NAME)";
				SWIFT_VERSION = 3.0;
			};
			name = Release;
		};
		4CE8205F1E7C88FD009C5EB5 /* Debug */ = {
			isa = XCBuildConfiguration;
			buildSettings = {
				ALWAYS_EMBED_SWIFT_STANDARD_LIBRARIES = YES;
				BUNDLE_LOADER = "$(TEST_HOST)";
				DEVELOPMENT_TEAM = 48U8V5SQK4;
				INFOPLIST_FILE = "Retro-CalculatorTests/Info.plist";
				LD_RUNPATH_SEARCH_PATHS = "$(inherited) @executable_path/Frameworks @loader_path/Frameworks";
				PRODUCT_BUNDLE_IDENTIFIER = "TheBrewery.Retro-CalculatorTests";
				PRODUCT_NAME = "$(TARGET_NAME)";
				SWIFT_VERSION = 3.0;
				TEST_HOST = "$(BUILT_PRODUCTS_DIR)/Retro-Calculator.app/Retro-Calculator";
			};
			name = Debug;
		};
		4CE820601E7C88FD009C5EB5 /* Release */ = {
			isa = XCBuildConfiguration;
			buildSettings = {
				ALWAYS_EMBED_SWIFT_STANDARD_LIBRARIES = YES;
				BUNDLE_LOADER = "$(TEST_HOST)";
				DEVELOPMENT_TEAM = 48U8V5SQK4;
				INFOPLIST_FILE = "Retro-CalculatorTests/Info.plist";
				LD_RUNPATH_SEARCH_PATHS = "$(inherited) @executable_path/Frameworks @loader_path/Frameworks";
				PRODUCT_BUNDLE_IDENTIFIER = "TheBrewery.Retro-CalculatorTests";
				PRODUCT_NAME = "$(TARGET_NAME)";
				SWIFT_VERSION = 3.0;
				TEST_HOST = "$(BUILT_PRODUCTS_DIR)/Retro-Calculator.app/Retro-Calculator";
			};
			name = Release;
		};
		4CE820621E7C88FD009C5EB5 /* Debug */ = {
			isa = XCBuildConfiguration;
			buildSettings = {
				ALWAYS_EMBED_SWIFT_STANDARD_LIBRARIES = YES;
				DEVELOPMENT_TEAM = 48U8V5SQK4;
				INFOPLIST_FILE = "Retro-CalculatorUITests/Info.plist";
				LD_RUNPATH_SEARCH_PATHS = "$(inherited) @executable_path/Frameworks @loader_path/Frameworks";
				PRODUCT_BUNDLE_IDENTIFIER = "TheBrewery.Retro-CalculatorUITests";
				PRODUCT_NAME = "$(TARGET_NAME)";
				SWIFT_VERSION = 3.0;
				TEST_TARGET_NAME = "Retro-Calculator";
			};
			name = Debug;
		};
		4CE820631E7C88FD009C5EB5 /* Release */ = {
			isa = XCBuildConfiguration;
			buildSettings = {
				ALWAYS_EMBED_SWIFT_STANDARD_LIBRARIES = YES;
				DEVELOPMENT_TEAM = 48U8V5SQK4;
				INFOPLIST_FILE = "Retro-CalculatorUITests/Info.plist";
				LD_RUNPATH_SEARCH_PATHS = "$(inherited) @executable_path/Frameworks @loader_path/Frameworks";
				PRODUCT_BUNDLE_IDENTIFIER = "TheBrewery.Retro-CalculatorUITests";
				PRODUCT_NAME = "$(TARGET_NAME)";
				SWIFT_VERSION = 3.0;
				TEST_TARGET_NAME = "Retro-Calculator";
			};
			name = Release;
		};
/* End XCBuildConfiguration section */

/* Begin XCConfigurationList section */
		4CE8202B1E7C88FD009C5EB5 /* Build configuration list for PBXProject "Retro-Calculator" */ = {
			isa = XCConfigurationList;
			buildConfigurations = (
				4CE820591E7C88FD009C5EB5 /* Debug */,
				4CE8205A1E7C88FD009C5EB5 /* Release */,
			);
			defaultConfigurationIsVisible = 0;
			defaultConfigurationName = Release;
		};
		4CE8205B1E7C88FD009C5EB5 /* Build configuration list for PBXNativeTarget "Retro-Calculator" */ = {
			isa = XCConfigurationList;
			buildConfigurations = (
				4CE8205C1E7C88FD009C5EB5 /* Debug */,
				4CE8205D1E7C88FD009C5EB5 /* Release */,
			);
			defaultConfigurationIsVisible = 0;
		};
		4CE8205E1E7C88FD009C5EB5 /* Build configuration list for PBXNativeTarget "Retro-CalculatorTests" */ = {
			isa = XCConfigurationList;
			buildConfigurations = (
				4CE8205F1E7C88FD009C5EB5 /* Debug */,
				4CE820601E7C88FD009C5EB5 /* Release */,
			);
			defaultConfigurationIsVisible = 0;
		};
		4CE820611E7C88FD009C5EB5 /* Build configuration list for PBXNativeTarget "Retro-CalculatorUITests" */ = {
			isa = XCConfigurationList;
			buildConfigurations = (
				4CE820621E7C88FD009C5EB5 /* Debug */,
				4CE820631E7C88FD009C5EB5 /* Release */,
			);
			defaultConfigurationIsVisible = 0;
		};
/* End XCConfigurationList section */

/* Begin XCVersionGroup section */
		4CE8203A1E7C88FD009C5EB5 /* Retro_Calculator.xcdatamodeld */ = {
			isa = XCVersionGroup;
			children = (
				4CE8203B1E7C88FD009C5EB5 /* Retro_Calculator.xcdatamodel */,
			);
			currentVersion = 4CE8203B1E7C88FD009C5EB5 /* Retro_Calculator.xcdatamodel */;
			path = Retro_Calculator.xcdatamodeld;
			sourceTree = "<group>";
			versionGroupType = wrapper.xcdatamodel;
		};
/* End XCVersionGroup section */
	};
	rootObject = 4CE820281E7C88FD009C5EB5 /* Project object */;
}
